
Microsoft Visual Studio Solution File, Format Version 12.00
# Visual Studio Version 17
VisualStudioVersion = 17.4.33205.214
MinimumVisualStudioVersion = 10.0.40219.1
Project("{9A19103F-16F7-4668-BE54-9A1E7A4F7556}") = "Weather.MVC", "Weather.MVC\Weather.MVC.csproj", "{5EE31CAB-5C66-4960-9826-EAC3A38FF89C}"
EndProject
Project("{9A19103F-16F7-4668-BE54-9A1E7A4F7556}") = "Weather.XLSX_Reader", "Weather.XLSX_Reader\Weather.XLSX_Reader.csproj", "{FAA6B80F-CEB5-4BA5-A166-44B4476177ED}"
EndProject
Project("{9A19103F-16F7-4668-BE54-9A1E7A4F7556}") = "Weather.Services", "Weather.Services\Weather.Services.csproj", "{C1855EE5-1598-4A8B-B4AA-67E60F714AFE}"
EndProject
Project("{FAE04EC0-301F-11D3-BF4B-00C04F79EFBC}") = "Weather.Data", "Weather.Data\Weather.Data.csproj", "{DD6BF77E-F1A1-47BA-9440-B3D6AB453B29}"
EndProject
Global
	GlobalSection(SolutionConfigurationPlatforms) = preSolution
		Debug|Any CPU = Debug|Any CPU
		Release|Any CPU = Release|Any CPU
	EndGlobalSection
	GlobalSection(ProjectConfigurationPlatforms) = postSolution
		{5EE31CAB-5C66-4960-9826-EAC3A38FF89C}.Debug|Any CPU.ActiveCfg = Debug|Any CPU
		{5EE31CAB-5C66-4960-9826-EAC3A38FF89C}.Debug|Any CPU.Build.0 = Debug|Any CPU
		{5EE31CAB-5C66-4960-9826-EAC3A38FF89C}.Release|Any CPU.ActiveCfg = Release|Any CPU
		{5EE31CAB-5C66-4960-9826-EAC3A38FF89C}.Release|Any CPU.Build.0 = Release|Any CPU
		{FAA6B80F-CEB5-4BA5-A166-44B4476177ED}.Debug|Any CPU.ActiveCfg = Debug|Any CPU
		{FAA6B80F-CEB5-4BA5-A166-44B4476177ED}.Debug|Any CPU.Build.0 = Debug|Any CPU
		{FAA6B80F-CEB5-4BA5-A166-44B4476177ED}.Release|Any CPU.ActiveCfg = Release|Any CPU
		{FAA6B80F-CEB5-4BA5-A166-44B4476177ED}.Release|Any CPU.Build.0 = Release|Any CPU
		{C1855EE5-1598-4A8B-B4AA-67E60F714AFE}.Debug|Any CPU.ActiveCfg = Debug|Any CPU
		{C1855EE5-1598-4A8B-B4AA-67E60F714AFE}.Debug|Any CPU.Build.0 = Debug|Any CPU
		{C1855EE5-1598-4A8B-B4AA-67E60F714AFE}.Release|Any CPU.ActiveCfg = Release|Any CPU
		{C1855EE5-1598-4A8B-B4AA-67E60F714AFE}.Release|Any CPU.Build.0 = Release|Any CPU
		{DD6BF77E-F1A1-47BA-9440-B3D6AB453B29}.Debug|Any CPU.ActiveCfg = Debug|Any CPU
		{DD6BF77E-F1A1-47BA-9440-B3D6AB453B29}.Debug|Any CPU.Build.0 = Debug|Any CPU
		{DD6BF77E-F1A1-47BA-9440-B3D6AB453B29}.Release|Any CPU.ActiveCfg = Release|Any CPU
		{DD6BF77E-F1A1-47BA-9440-B3D6AB453B29}.Release|Any CPU.Build.0 = Release|Any CPU
	EndGlobalSection
	GlobalSection(SolutionProperties) = preSolution
		HideSolutionNode = FALSE
	EndGlobalSection
	GlobalSection(ExtensibilityGlobals) = postSolution
		SolutionGuid = {44A62A65-8935-4425-ADCB-3C5051679444}
	EndGlobalSection
EndGlobal
